// !$*UTF8*$!
{
	archiveVersion = 1;
	classes = {
	};
	objectVersion = 46;
	objects = {

/* Begin PBXBuildFile section */
		2D9115291C8377AA00CB07E3 /* main.m in Sources */ = {isa = PBXBuildFile; fileRef = 2D9115281C8377AA00CB07E3 /* main.m */; };
		2D91152C1C8377AA00CB07E3 /* AppDelegate.m in Sources */ = {isa = PBXBuildFile; fileRef = 2D91152B1C8377AA00CB07E3 /* AppDelegate.m */; };
		2D91152F1C8377AA00CB07E3 /* ViewController.m in Sources */ = {isa = PBXBuildFile; fileRef = 2D91152E1C8377AA00CB07E3 /* ViewController.m */; };
		2D9115321C8377AA00CB07E3 /* Main.storyboard in Resources */ = {isa = PBXBuildFile; fileRef = 2D9115301C8377AA00CB07E3 /* Main.storyboard */; };
		2D9115341C8377AA00CB07E3 /* Assets.xcassets in Resources */ = {isa = PBXBuildFile; fileRef = 2D9115331C8377AA00CB07E3 /* Assets.xcassets */; };
		2D9115371C8377AA00CB07E3 /* LaunchScreen.storyboard in Resources */ = {isa = PBXBuildFile; fileRef = 2D9115351C8377AA00CB07E3 /* LaunchScreen.storyboard */; };
		2D91153C1C8377AA00CB07E3 /* CM_HandOff WatchKit App.app in Embed Watch Content */ = {isa = PBXBuildFile; fileRef = 2D91153B1C8377AA00CB07E3 /* CM_HandOff WatchKit App.app */; };
		2D9115421C8377AA00CB07E3 /* Interface.storyboard in Resources */ = {isa = PBXBuildFile; fileRef = 2D9115401C8377AA00CB07E3 /* Interface.storyboard */; };
		2D9115441C8377AA00CB07E3 /* Assets.xcassets in Resources */ = {isa = PBXBuildFile; fileRef = 2D9115431C8377AA00CB07E3 /* Assets.xcassets */; };
		2D91154B1C8377AA00CB07E3 /* CM_HandOff WatchKit Extension.appex in Embed App Extensions */ = {isa = PBXBuildFile; fileRef = 2D91154A1C8377AA00CB07E3 /* CM_HandOff WatchKit Extension.appex */; settings = {ATTRIBUTES = (RemoveHeadersOnCopy, ); }; };
		2D9115511C8377AA00CB07E3 /* InterfaceController.m in Sources */ = {isa = PBXBuildFile; fileRef = 2D9115501C8377AA00CB07E3 /* InterfaceController.m */; };
		2D9115541C8377AA00CB07E3 /* ExtensionDelegate.m in Sources */ = {isa = PBXBuildFile; fileRef = 2D9115531C8377AA00CB07E3 /* ExtensionDelegate.m */; };
		2D9115561C8377AA00CB07E3 /* Assets.xcassets in Resources */ = {isa = PBXBuildFile; fileRef = 2D9115551C8377AA00CB07E3 /* Assets.xcassets */; };
/* End PBXBuildFile section */

/* Begin PBXContainerItemProxy section */
		2D91153D1C8377AA00CB07E3 /* PBXContainerItemProxy */ = {
			isa = PBXContainerItemProxy;
			containerPortal = 2D91151C1C8377AA00CB07E3 /* Project object */;
			proxyType = 1;
			remoteGlobalIDString = 2D91153A1C8377AA00CB07E3;
			remoteInfo = "CM_HandOff WatchKit App";
		};
		2D91154C1C8377AA00CB07E3 /* PBXContainerItemProxy */ = {
			isa = PBXContainerItemProxy;
			containerPortal = 2D91151C1C8377AA00CB07E3 /* Project object */;
			proxyType = 1;
			remoteGlobalIDString = 2D9115491C8377AA00CB07E3;
			remoteInfo = "CM_HandOff WatchKit Extension";
		};
/* End PBXContainerItemProxy section */

/* Begin PBXCopyFilesBuildPhase section */
		2D91155D1C8377AA00CB07E3 /* Embed App Extensions */ = {
			isa = PBXCopyFilesBuildPhase;
			buildActionMask = 2147483647;
			dstPath = "";
			dstSubfolderSpec = 13;
			files = (
				2D91154B1C8377AA00CB07E3 /* CM_HandOff WatchKit Extension.appex in Embed App Extensions */,
			);
			name = "Embed App Extensions";
			runOnlyForDeploymentPostprocessing = 0;
		};
		2D9115611C8377AA00CB07E3 /* Embed Watch Content */ = {
			isa = PBXCopyFilesBuildPhase;
			buildActionMask = 2147483647;
			dstPath = "$(CONTENTS_FOLDER_PATH)/Watch";
			dstSubfolderSpec = 16;
			files = (
				2D91153C1C8377AA00CB07E3 /* CM_HandOff WatchKit App.app in Embed Watch Content */,
			);
			name = "Embed Watch Content";
			runOnlyForDeploymentPostprocessing = 0;
		};
/* End PBXCopyFilesBuildPhase section */

/* Begin PBXFileReference section */
		2D9115241C8377AA00CB07E3 /* CM_HandOff.app */ = {isa = PBXFileReference; explicitFileType = wrapper.application; includeInIndex = 0; path = CM_HandOff.app; sourceTree = BUILT_PRODUCTS_DIR; };
		2D9115281C8377AA00CB07E3 /* main.m */ = {isa = PBXFileReference; lastKnownFileType = sourcecode.c.objc; path = main.m; sourceTree = "<group>"; };
		2D91152A1C8377AA00CB07E3 /* AppDelegate.h */ = {isa = PBXFileReference; lastKnownFileType = sourcecode.c.h; path = AppDelegate.h; sourceTree = "<group>"; };
		2D91152B1C8377AA00CB07E3 /* AppDelegate.m */ = {isa = PBXFileReference; lastKnownFileType = sourcecode.c.objc; path = AppDelegate.m; sourceTree = "<group>"; };
		2D91152D1C8377AA00CB07E3 /* ViewController.h */ = {isa = PBXFileReference; lastKnownFileType = sourcecode.c.h; path = ViewController.h; sourceTree = "<group>"; };
		2D91152E1C8377AA00CB07E3 /* ViewController.m */ = {isa = PBXFileReference; lastKnownFileType = sourcecode.c.objc; path = ViewController.m; sourceTree = "<group>"; };
		2D9115311C8377AA00CB07E3 /* Base */ = {isa = PBXFileReference; lastKnownFileType = file.storyboard; name = Base; path = Base.lproj/Main.storyboard; sourceTree = "<group>"; };
		2D9115331C8377AA00CB07E3 /* Assets.xcassets */ = {isa = PBXFileReference; lastKnownFileType = folder.assetcatalog; path = Assets.xcassets; sourceTree = "<group>"; };
		2D9115361C8377AA00CB07E3 /* Base */ = {isa = PBXFileReference; lastKnownFileType = file.storyboard; name = Base; path = Base.lproj/LaunchScreen.storyboard; sourceTree = "<group>"; };
		2D9115381C8377AA00CB07E3 /* Info.plist */ = {isa = PBXFileReference; lastKnownFileType = text.plist.xml; path = Info.plist; sourceTree = "<group>"; };
		2D91153B1C8377AA00CB07E3 /* CM_HandOff WatchKit App.app */ = {isa = PBXFileReference; explicitFileType = wrapper.application; includeInIndex = 0; path = "CM_HandOff WatchKit App.app"; sourceTree = BUILT_PRODUCTS_DIR; };
		2D9115411C8377AA00CB07E3 /* Base */ = {isa = PBXFileReference; lastKnownFileType = file.storyboard; name = Base; path = Base.lproj/Interface.storyboard; sourceTree = "<group>"; };
		2D9115431C8377AA00CB07E3 /* Assets.xcassets */ = {isa = PBXFileReference; lastKnownFileType = folder.assetcatalog; path = Assets.xcassets; sourceTree = "<group>"; };
		2D9115451C8377AA00CB07E3 /* Info.plist */ = {isa = PBXFileReference; lastKnownFileType = text.plist.xml; path = Info.plist; sourceTree = "<group>"; };
		2D91154A1C8377AA00CB07E3 /* CM_HandOff WatchKit Extension.appex */ = {isa = PBXFileReference; explicitFileType = "wrapper.app-extension"; includeInIndex = 0; path = "CM_HandOff WatchKit Extension.appex"; sourceTree = BUILT_PRODUCTS_DIR; };
		2D91154F1C8377AA00CB07E3 /* InterfaceController.h */ = {isa = PBXFileReference; lastKnownFileType = sourcecode.c.h; path = InterfaceController.h; sourceTree = "<group>"; };
		2D9115501C8377AA00CB07E3 /* InterfaceController.m */ = {isa = PBXFileReference; lastKnownFileType = sourcecode.c.objc; path = InterfaceController.m; sourceTree = "<group>"; };
		2D9115521C8377AA00CB07E3 /* ExtensionDelegate.h */ = {isa = PBXFileReference; lastKnownFileType = sourcecode.c.h; path = ExtensionDelegate.h; sourceTree = "<group>"; };
		2D9115531C8377AA00CB07E3 /* ExtensionDelegate.m */ = {isa = PBXFileReference; lastKnownFileType = sourcecode.c.objc; path = ExtensionDelegate.m; sourceTree = "<group>"; };
		2D9115551C8377AA00CB07E3 /* Assets.xcassets */ = {isa = PBXFileReference; lastKnownFileType = folder.assetcatalog; path = Assets.xcassets; sourceTree = "<group>"; };
		2D9115571C8377AA00CB07E3 /* Info.plist */ = {isa = PBXFileReference; lastKnownFileType = text.plist.xml; path = Info.plist; sourceTree = "<group>"; };
/* End PBXFileReference section */

/* Begin PBXFrameworksBuildPhase section */
		2D9115211C8377AA00CB07E3 /* Frameworks */ = {
			isa = PBXFrameworksBuildPhase;
			buildActionMask = 2147483647;
			files = (
			);
			runOnlyForDeploymentPostprocessing = 0;
		};
		2D9115471C8377AA00CB07E3 /* Frameworks */ = {
			isa = PBXFrameworksBuildPhase;
			buildActionMask = 2147483647;
			files = (
			);
			runOnlyForDeploymentPostprocessing = 0;
		};
/* End PBXFrameworksBuildPhase section */

/* Begin PBXGroup section */
		2D91151B1C8377AA00CB07E3 = {
			isa = PBXGroup;
			children = (
				2D9115261C8377AA00CB07E3 /* CM_HandOff */,
				2D91153F1C8377AA00CB07E3 /* CM_HandOff WatchKit App */,
				2D91154E1C8377AA00CB07E3 /* CM_HandOff WatchKit Extension */,
				2D9115251C8377AA00CB07E3 /* Products */,
			);
			sourceTree = "<group>";
		};
		2D9115251C8377AA00CB07E3 /* Products */ = {
			isa = PBXGroup;
			children = (
				2D9115241C8377AA00CB07E3 /* CM_HandOff.app */,
				2D91153B1C8377AA00CB07E3 /* CM_HandOff WatchKit App.app */,
				2D91154A1C8377AA00CB07E3 /* CM_HandOff WatchKit Extension.appex */,
			);
			name = Products;
			sourceTree = "<group>";
		};
		2D9115261C8377AA00CB07E3 /* CM_HandOff */ = {
			isa = PBXGroup;
			children = (
				2D91152A1C8377AA00CB07E3 /* AppDelegate.h */,
				2D91152B1C8377AA00CB07E3 /* AppDelegate.m */,
				2D91152D1C8377AA00CB07E3 /* ViewController.h */,
				2D91152E1C8377AA00CB07E3 /* ViewController.m */,
				2D9115301C8377AA00CB07E3 /* Main.storyboard */,
				2D9115331C8377AA00CB07E3 /* Assets.xcassets */,
				2D9115351C8377AA00CB07E3 /* LaunchScreen.storyboard */,
				2D9115381C8377AA00CB07E3 /* Info.plist */,
				2D9115271C8377AA00CB07E3 /* Supporting Files */,
			);
			path = CM_HandOff;
			sourceTree = "<group>";
		};
		2D9115271C8377AA00CB07E3 /* Supporting Files */ = {
			isa = PBXGroup;
			children = (
				2D9115281C8377AA00CB07E3 /* main.m */,
			);
			name = "Supporting Files";
			sourceTree = "<group>";
		};
		2D91153F1C8377AA00CB07E3 /* CM_HandOff WatchKit App */ = {
			isa = PBXGroup;
			children = (
				2D9115401C8377AA00CB07E3 /* Interface.storyboard */,
				2D9115431C8377AA00CB07E3 /* Assets.xcassets */,
				2D9115451C8377AA00CB07E3 /* Info.plist */,
			);
			path = "CM_HandOff WatchKit App";
			sourceTree = "<group>";
		};
		2D91154E1C8377AA00CB07E3 /* CM_HandOff WatchKit Extension */ = {
			isa = PBXGroup;
			children = (
				2D91154F1C8377AA00CB07E3 /* InterfaceController.h */,
				2D9115501C8377AA00CB07E3 /* InterfaceController.m */,
				2D9115521C8377AA00CB07E3 /* ExtensionDelegate.h */,
				2D9115531C8377AA00CB07E3 /* ExtensionDelegate.m */,
				2D9115551C8377AA00CB07E3 /* Assets.xcassets */,
				2D9115571C8377AA00CB07E3 /* Info.plist */,
			);
			path = "CM_HandOff WatchKit Extension";
			sourceTree = "<group>";
		};
/* End PBXGroup section */

/* Begin PBXNativeTarget section */
		2D9115231C8377AA00CB07E3 /* CM_HandOff */ = {
			isa = PBXNativeTarget;
			buildConfigurationList = 2D9115621C8377AA00CB07E3 /* Build configuration list for PBXNativeTarget "CM_HandOff" */;
			buildPhases = (
				2D9115201C8377AA00CB07E3 /* Sources */,
				2D9115211C8377AA00CB07E3 /* Frameworks */,
				2D9115221C8377AA00CB07E3 /* Resources */,
				2D9115611C8377AA00CB07E3 /* Embed Watch Content */,
			);
			buildRules = (
			);
			dependencies = (
				2D91153E1C8377AA00CB07E3 /* PBXTargetDependency */,
			);
			name = CM_HandOff;
			productName = CM_HandOff;
			productReference = 2D9115241C8377AA00CB07E3 /* CM_HandOff.app */;
			productType = "com.apple.product-type.application";
		};
		2D91153A1C8377AA00CB07E3 /* CM_HandOff WatchKit App */ = {
			isa = PBXNativeTarget;
			buildConfigurationList = 2D91155E1C8377AA00CB07E3 /* Build configuration list for PBXNativeTarget "CM_HandOff WatchKit App" */;
			buildPhases = (
				2D9115391C8377AA00CB07E3 /* Resources */,
				2D91155D1C8377AA00CB07E3 /* Embed App Extensions */,
			);
			buildRules = (
			);
			dependencies = (
				2D91154D1C8377AA00CB07E3 /* PBXTargetDependency */,
			);
			name = "CM_HandOff WatchKit App";
			productName = "CM_HandOff WatchKit App";
			productReference = 2D91153B1C8377AA00CB07E3 /* CM_HandOff WatchKit App.app */;
			productType = "com.apple.product-type.application.watchapp2";
		};
		2D9115491C8377AA00CB07E3 /* CM_HandOff WatchKit Extension */ = {
			isa = PBXNativeTarget;
			buildConfigurationList = 2D91155A1C8377AA00CB07E3 /* Build configuration list for PBXNativeTarget "CM_HandOff WatchKit Extension" */;
			buildPhases = (
				2D9115461C8377AA00CB07E3 /* Sources */,
				2D9115471C8377AA00CB07E3 /* Frameworks */,
				2D9115481C8377AA00CB07E3 /* Resources */,
			);
			buildRules = (
			);
			dependencies = (
			);
			name = "CM_HandOff WatchKit Extension";
			productName = "CM_HandOff WatchKit Extension";
			productReference = 2D91154A1C8377AA00CB07E3 /* CM_HandOff WatchKit Extension.appex */;
			productType = "com.apple.product-type.watchkit2-extension";
		};
/* End PBXNativeTarget section */

/* Begin PBXProject section */
		2D91151C1C8377AA00CB07E3 /* Project object */ = {
			isa = PBXProject;
			attributes = {
				LastUpgradeCheck = 0730;
				ORGANIZATIONNAME = "WhiteTiger \"sgama la rete\"";
				TargetAttributes = {
					2D9115231C8377AA00CB07E3 = {
						CreatedOnToolsVersion = 7.3;
					};
					2D91153A1C8377AA00CB07E3 = {
						CreatedOnToolsVersion = 7.3;
					};
					2D9115491C8377AA00CB07E3 = {
						CreatedOnToolsVersion = 7.3;
					};
				};
			};
			buildConfigurationList = 2D91151F1C8377AA00CB07E3 /* Build configuration list for PBXProject "CM_HandOff" */;
			compatibilityVersion = "Xcode 3.2";
			developmentRegion = English;
			hasScannedForEncodings = 0;
			knownRegions = (
				en,
				Base,
			);
			mainGroup = 2D91151B1C8377AA00CB07E3;
			productRefGroup = 2D9115251C8377AA00CB07E3 /* Products */;
			projectDirPath = "";
			projectRoot = "";
			targets = (
				2D9115231C8377AA00CB07E3 /* CM_HandOff */,
				2D91153A1C8377AA00CB07E3 /* CM_HandOff WatchKit App */,
				2D9115491C8377AA00CB07E3 /* CM_HandOff WatchKit Extension */,
			);
		};
/* End PBXProject section */

/* Begin PBXResourcesBuildPhase section */
		2D9115221C8377AA00CB07E3 /* Resources */ = {
			isa = PBXResourcesBuildPhase;
			buildActionMask = 2147483647;
			files = (
				2D9115371C8377AA00CB07E3 /* LaunchScreen.storyboard in Resources */,
				2D9115341C8377AA00CB07E3 /* Assets.xcassets in Resources */,
				2D9115321C8377AA00CB07E3 /* Main.storyboard in Resources */,
			);
			runOnlyForDeploymentPostprocessing = 0;
		};
		2D9115391C8377AA00CB07E3 /* Resources */ = {
			isa = PBXResourcesBuildPhase;
			buildActionMask = 2147483647;
			files = (
				2D9115441C8377AA00CB07E3 /* Assets.xcassets in Resources */,
				2D9115421C8377AA00CB07E3 /* Interface.storyboard in Resources */,
			);
			runOnlyForDeploymentPostprocessing = 0;
		};
		2D9115481C8377AA00CB07E3 /* Resources */ = {
			isa = PBXResourcesBuildPhase;
			buildActionMask = 2147483647;
			files = (
				2D9115561C8377AA00CB07E3 /* Assets.xcassets in Resources */,
			);
			runOnlyForDeploymentPostprocessing = 0;
		};
/* End PBXResourcesBuildPhase section */

/* Begin PBXSourcesBuildPhase section */
		2D9115201C8377AA00CB07E3 /* Sources */ = {
			isa = PBXSourcesBuildPhase;
			buildActionMask = 2147483647;
			files = (
				2D91152F1C8377AA00CB07E3 /* ViewController.m in Sources */,
				2D91152C1C8377AA00CB07E3 /* AppDelegate.m in Sources */,
				2D9115291C8377AA00CB07E3 /* main.m in Sources */,
			);
			runOnlyForDeploymentPostprocessing = 0;
		};
		2D9115461C8377AA00CB07E3 /* Sources */ = {
			isa = PBXSourcesBuildPhase;
			buildActionMask = 2147483647;
			files = (
				2D9115541C8377AA00CB07E3 /* ExtensionDelegate.m in Sources */,
				2D9115511C8377AA00CB07E3 /* InterfaceController.m in Sources */,
			);
			runOnlyForDeploymentPostprocessing = 0;
		};
/* End PBXSourcesBuildPhase section */

/* Begin PBXTargetDependency section */
		2D91153E1C8377AA00CB07E3 /* PBXTargetDependency */ = {
			isa = PBXTargetDependency;
			target = 2D91153A1C8377AA00CB07E3 /* CM_HandOff WatchKit App */;
			targetProxy = 2D91153D1C8377AA00CB07E3 /* PBXContainerItemProxy */;
		};
		2D91154D1C8377AA00CB07E3 /* PBXTargetDependency */ = {
			isa = PBXTargetDependency;
			target = 2D9115491C8377AA00CB07E3 /* CM_HandOff WatchKit Extension */;
			targetProxy = 2D91154C1C8377AA00CB07E3 /* PBXContainerItemProxy */;
		};
/* End PBXTargetDependency section */

/* Begin PBXVariantGroup section */
		2D9115301C8377AA00CB07E3 /* Main.storyboard */ = {
			isa = PBXVariantGroup;
			children = (
				2D9115311C8377AA00CB07E3 /* Base */,
			);
			name = Main.storyboard;
			sourceTree = "<group>";
		};
		2D9115351C8377AA00CB07E3 /* LaunchScreen.storyboard */ = {
			isa = PBXVariantGroup;
			children = (
				2D9115361C8377AA00CB07E3 /* Base */,
			);
			name = LaunchScreen.storyboard;
			sourceTree = "<group>";
		};
		2D9115401C8377AA00CB07E3 /* Interface.storyboard */ = {
			isa = PBXVariantGroup;
			children = (
				2D9115411C8377AA00CB07E3 /* Base */,
			);
			name = Interface.storyboard;
			sourceTree = "<group>";
		};
/* End PBXVariantGroup section */

/* Begin XCBuildConfiguration section */
		2D9115581C8377AA00CB07E3 /* Debug */ = {
			isa = XCBuildConfiguration;
			buildSettings = {
				ALWAYS_SEARCH_USER_PATHS = NO;
				CLANG_ANALYZER_NONNULL = YES;
				CLANG_CXX_LANGUAGE_STANDARD = "gnu++0x";
				CLANG_CXX_LIBRARY = "libc++";
				CLANG_ENABLE_MODULES = YES;
				CLANG_ENABLE_OBJC_ARC = YES;
				CLANG_WARN_BOOL_CONVERSION = YES;
				CLANG_WARN_CONSTANT_CONVERSION = YES;
				CLANG_WARN_DIRECT_OBJC_ISA_USAGE = YES_ERROR;
				CLANG_WARN_EMPTY_BODY = YES;
				CLANG_WARN_ENUM_CONVERSION = YES;
				CLANG_WARN_INT_CONVERSION = YES;
				CLANG_WARN_OBJC_ROOT_CLASS = YES_ERROR;
				CLANG_WARN_UNREACHABLE_CODE = YES;
				CLANG_WARN__DUPLICATE_METHOD_MATCH = YES;
				"CODE_SIGN_IDENTITY[sdk=iphoneos*]" = "iPhone Developer";
				COPY_PHASE_STRIP = NO;
				DEBUG_INFORMATION_FORMAT = dwarf;
				ENABLE_STRICT_OBJC_MSGSEND = YES;
				ENABLE_TESTABILITY = YES;
				GCC_C_LANGUAGE_STANDARD = gnu99;
				GCC_DYNAMIC_NO_PIC = NO;
				GCC_NO_COMMON_BLOCKS = YES;
				GCC_OPTIMIZATION_LEVEL = 0;
				GCC_PREPROCESSOR_DEFINITIONS = (
					"DEBUG=1",
					"$(inherited)",
				);
				GCC_WARN_64_TO_32_BIT_CONVERSION = YES;
				GCC_WARN_ABOUT_RETURN_TYPE = YES_ERROR;
				GCC_WARN_UNDECLARED_SELECTOR = YES;
				GCC_WARN_UNINITIALIZED_AUTOS = YES_AGGRESSIVE;
				GCC_WARN_UNUSED_FUNCTION = YES;
				GCC_WARN_UNUSED_VARIABLE = YES;
				IPHONEOS_DEPLOYMENT_TARGET = 8.2;
				MTL_ENABLE_DEBUG_INFO = YES;
				ONLY_ACTIVE_ARCH = YES;
				SDKROOT = iphoneos;
			};
			name = Debug;
		};
		2D9115591C8377AA00CB07E3 /* Release */ = {
			isa = XCBuildConfiguration;
			buildSettings = {
				ALWAYS_SEARCH_USER_PATHS = NO;
				CLANG_ANALYZER_NONNULL = YES;
				CLANG_CXX_LANGUAGE_STANDARD = "gnu++0x";
				CLANG_CXX_LIBRARY = "libc++";
				CLANG_ENABLE_MODULES = YES;
				CLANG_ENABLE_OBJC_ARC = YES;
				CLANG_WARN_BOOL_CONVERSION = YES;
				CLANG_WARN_CONSTANT_CONVERSION = YES;
				CLANG_WARN_DIRECT_OBJC_ISA_USAGE = YES_ERROR;
				CLANG_WARN_EMPTY_BODY = YES;
				CLANG_WARN_ENUM_CONVERSION = YES;
				CLANG_WARN_INT_CONVERSION = YES;
				CLANG_WARN_OBJC_ROOT_CLASS = YES_ERROR;
				CLANG_WARN_UNREACHABLE_CODE = YES;
				CLANG_WARN__DUPLICATE_METHOD_MATCH = YES;
				"CODE_SIGN_IDENTITY[sdk=iphoneos*]" = "iPhone Developer";
				COPY_PHASE_STRIP = NO;
				DEBUG_INFORMATION_FORMAT = "dwarf-with-dsym";
				ENABLE_NS_ASSERTIONS = NO;
				ENABLE_STRICT_OBJC_MSGSEND = YES;
				GCC_C_LANGUAGE_STANDARD = gnu99;
				GCC_NO_COMMON_BLOCKS = YES;
				GCC_WARN_64_TO_32_BIT_CONVERSION = YES;
				GCC_WARN_ABOUT_RETURN_TYPE = YES_ERROR;
				GCC_WARN_UNDECLARED_SELECTOR = YES;
				GCC_WARN_UNINITIALIZED_AUTOS = YES_AGGRESSIVE;
				GCC_WARN_UNUSED_FUNCTION = YES;
				GCC_WARN_UNUSED_VARIABLE = YES;
				IPHONEOS_DEPLOYMENT_TARGET = 8.2;
				MTL_ENABLE_DEBUG_INFO = NO;
				SDKROOT = iphoneos;
				VALIDATE_PRODUCT = YES;
			};
			name = Release;
		};
		2D91155B1C8377AA00CB07E3 /* Debug */ = {
			isa = XCBuildConfiguration;
			buildSettings = {
				INFOPLIST_FILE = "CM_HandOff WatchKit Extension/Info.plist";
				LD_RUNPATH_SEARCH_PATHS = "$(inherited) @executable_path/Frameworks @executable_path/../../Frameworks";
				PRODUCT_BUNDLE_IDENTIFIER = "it.book.CM-HandOff.watchkitapp.watchkitextension";
				PRODUCT_NAME = "${TARGET_NAME}";
				SDKROOT = watchos;
				SKIP_INSTALL = YES;
				TARGETED_DEVICE_FAMILY = 4;
				WATCHOS_DEPLOYMENT_TARGET = 2.0;
			};
			name = Debug;
		};
		2D91155C1C8377AA00CB07E3 /* Release */ = {
			isa = XCBuildConfiguration;
			buildSettings = {
				INFOPLIST_FILE = "CM_HandOff WatchKit Extension/Info.plist";
				LD_RUNPATH_SEARCH_PATHS = "$(inherited) @executable_path/Frameworks @executable_path/../../Frameworks";
				PRODUCT_BUNDLE_IDENTIFIER = "it.book.CM-HandOff.watchkitapp.watchkitextension";
				PRODUCT_NAME = "${TARGET_NAME}";
				SDKROOT = watchos;
				SKIP_INSTALL = YES;
				TARGETED_DEVICE_FAMILY = 4;
				WATCHOS_DEPLOYMENT_TARGET = 2.0;
			};
			name = Release;
		};
		2D91155F1C8377AA00CB07E3 /* Debug */ = {
			isa = XCBuildConfiguration;
			buildSettings = {
				ASSETCATALOG_COMPILER_APPICON_NAME = AppIcon;
				IBSC_MODULE = CM_HandOff_WatchKit_Extension;
				INFOPLIST_FILE = "CM_HandOff WatchKit App/Info.plist";
				PRODUCT_BUNDLE_IDENTIFIER = "it.book.CM-HandOff.watchkitapp";
				PRODUCT_NAME = "$(TARGET_NAME)";
				SDKROOT = watchos;
				SKIP_INSTALL = YES;
				TARGETED_DEVICE_FAMILY = 4;
				WATCHOS_DEPLOYMENT_TARGET = 2.0;
			};
			name = Debug;
		};
		2D9115601C8377AA00CB07E3 /* Release */ = {
			isa = XCBuildConfiguration;
			buildSettings = {
				ASSETCATALOG_COMPILER_APPICON_NAME = AppIcon;
				IBSC_MODULE = CM_HandOff_WatchKit_Extension;
				INFOPLIST_FILE = "CM_HandOff WatchKit App/Info.plist";
				PRODUCT_BUNDLE_IDENTIFIER = "it.book.CM-HandOff.watchkitapp";
				PRODUCT_NAME = "$(TARGET_NAME)";
				SDKROOT = watchos;
				SKIP_INSTALL = YES;
				TARGETED_DEVICE_FAMILY = 4;
				WATCHOS_DEPLOYMENT_TARGET = 2.0;
			};
			name = Release;
		};
		2D9115631C8377AA00CB07E3 /* Debug */ = {
			isa = XCBuildConfiguration;
			buildSettings = {
				ASSETCATALOG_COMPILER_APPICON_NAME = AppIcon;
				INFOPLIST_FILE = CM_HandOff/Info.plist;
				LD_RUNPATH_SEARCH_PATHS = "$(inherited) @executable_path/Frameworks";
				PRODUCT_BUNDLE_IDENTIFIER = "it.book.CM-HandOff";
				PRODUCT_NAME = "$(TARGET_NAME)";
			};
			name = Debug;
		};
		2D9115641C8377AA00CB07E3 /* Release */ = {
			isa = XCBuildConfiguration;
			buildSettings = {
				ASSETCATALOG_COMPILER_APPICON_NAME = AppIcon;
				INFOPLIST_FILE = CM_HandOff/Info.plist;
				LD_RUNPATH_SEARCH_PATHS = "$(inherited) @executable_path/Frameworks";
				PRODUCT_BUNDLE_IDENTIFIER = "it.book.CM-HandOff";
				PRODUCT_NAME = "$(TARGET_NAME)";
			};
			name = Release;
		};
/* End XCBuildConfiguration section */

/* Begin XCConfigurationList section */
		2D91151F1C8377AA00CB07E3 /* Build configuration list for PBXProject "CM_HandOff" */ = {
			isa = XCConfigurationList;
			buildConfigurations = (
				2D9115581C8377AA00CB07E3 /* Debug */,
				2D9115591C8377AA00CB07E3 /* Release */,
			);
			defaultConfigurationIsVisible = 0;
			defaultConfigurationName = Release;
		};
		2D91155A1C8377AA00CB07E3 /* Build configuration list for PBXNativeTarget "CM_HandOff WatchKit Extension" */ = {
			isa = XCConfigurationList;
			buildConfigurations = (
				2D91155B1C8377AA00CB07E3 /* Debug */,
				2D91155C1C8377AA00CB07E3 /* Release */,
			);
			defaultConfigurationIsVisible = 0;
		};
		2D91155E1C8377AA00CB07E3 /* Build configuration list for PBXNativeTarget "CM_HandOff WatchKit App" */ = {
			isa = XCConfigurationList;
			buildConfigurations = (
				2D91155F1C8377AA00CB07E3 /* Debug */,
				2D9115601C8377AA00CB07E3 /* Release */,
			);
			defaultConfigurationIsVisible = 0;
		};
		2D9115621C8377AA00CB07E3 /* Build configuration list for PBXNativeTarget "CM_HandOff" */ = {
			isa = XCConfigurationList;
			buildConfigurations = (
				2D9115631C8377AA00CB07E3 /* Debug */,
				2D9115641C8377AA00CB07E3 /* Release */,
			);
			defaultConfigurationIsVisible = 0;
		};
/* End XCConfigurationList section */
	};
	rootObject = 2D91151C1C8377AA00CB07E3 /* Project object */;
}
